
Microsoft Visual Studio Solution File, Format Version 12.00
# Visual Studio Version 17
VisualStudioVersion = 17.11.35312.102
MinimumVisualStudioVersion = 10.0.40219.1
Project("{FAE04EC0-301F-11D3-BF4B-00C04F79EFBC}") = "ex_1", "ex_1\ex_1.csproj", "{FEF20F3F-DACA-4713-A13C-655BBE8FA41D}"
EndProject
Global
	GlobalSection(SolutionConfigurationPlatforms) = preSolution
		Debug|Any CPU = Debug|Any CPU
		Release|Any CPU = Release|Any CPU
	EndGlobalSection
	GlobalSection(ProjectConfigurationPlatforms) = postSolution
		{FEF20F3F-DACA-4713-A13C-655BBE8FA41D}.Debug|Any CPU.ActiveCfg = Debug|Any CPU
		{FEF20F3F-DACA-4713-A13C-655BBE8FA41D}.Debug|Any CPU.Build.0 = Debug|Any CPU
		{FEF20F3F-DACA-4713-A13C-655BBE8FA41D}.Release|Any CPU.ActiveCfg = Release|Any CPU
		{FEF20F3F-DACA-4713-A13C-655BBE8FA41D}.Release|Any CPU.Build.0 = Release|Any CPU
	EndGlobalSection
	GlobalSection(SolutionProperties) = preSolution
		HideSolutionNode = FALSE
	EndGlobalSection
	GlobalSection(ExtensibilityGlobals) = postSolution
		SolutionGuid = {AA6BEC6B-E40E-4DF1-BFB2-8DF1919B44CA}
	EndGlobalSection
EndGlobal
