
Microsoft Visual Studio Solution File, Format Version 12.00
# Visual Studio Version 17
VisualStudioVersion = 17.11.35312.102
MinimumVisualStudioVersion = 10.0.40219.1
Project("{FAE04EC0-301F-11D3-BF4B-00C04F79EFBC}") = "ex_2", "ex_2\ex_2.csproj", "{ACEF992E-EA75-408E-B4C6-056F661FF1BD}"
EndProject
Global
	GlobalSection(SolutionConfigurationPlatforms) = preSolution
		Debug|Any CPU = Debug|Any CPU
		Release|Any CPU = Release|Any CPU
	EndGlobalSection
	GlobalSection(ProjectConfigurationPlatforms) = postSolution
		{ACEF992E-EA75-408E-B4C6-056F661FF1BD}.Debug|Any CPU.ActiveCfg = Debug|Any CPU
		{ACEF992E-EA75-408E-B4C6-056F661FF1BD}.Debug|Any CPU.Build.0 = Debug|Any CPU
		{ACEF992E-EA75-408E-B4C6-056F661FF1BD}.Release|Any CPU.ActiveCfg = Release|Any CPU
		{ACEF992E-EA75-408E-B4C6-056F661FF1BD}.Release|Any CPU.Build.0 = Release|Any CPU
	EndGlobalSection
	GlobalSection(SolutionProperties) = preSolution
		HideSolutionNode = FALSE
	EndGlobalSection
	GlobalSection(ExtensibilityGlobals) = postSolution
		SolutionGuid = {52471C0C-255B-41C1-BB42-328898441D6A}
	EndGlobalSection
EndGlobal
