
Microsoft Visual Studio Solution File, Format Version 12.00
# Visual Studio Version 17
VisualStudioVersion = 17.11.35312.102
MinimumVisualStudioVersion = 10.0.40219.1
Project("{FAE04EC0-301F-11D3-BF4B-00C04F79EFBC}") = "ex_1", "ex_1\ex_1.csproj", "{569A84B3-9F43-48C6-973B-6E97F381F060}"
EndProject
Global
	GlobalSection(SolutionConfigurationPlatforms) = preSolution
		Debug|Any CPU = Debug|Any CPU
		Release|Any CPU = Release|Any CPU
	EndGlobalSection
	GlobalSection(ProjectConfigurationPlatforms) = postSolution
		{569A84B3-9F43-48C6-973B-6E97F381F060}.Debug|Any CPU.ActiveCfg = Debug|Any CPU
		{569A84B3-9F43-48C6-973B-6E97F381F060}.Debug|Any CPU.Build.0 = Debug|Any CPU
		{569A84B3-9F43-48C6-973B-6E97F381F060}.Release|Any CPU.ActiveCfg = Release|Any CPU
		{569A84B3-9F43-48C6-973B-6E97F381F060}.Release|Any CPU.Build.0 = Release|Any CPU
	EndGlobalSection
	GlobalSection(SolutionProperties) = preSolution
		HideSolutionNode = FALSE
	EndGlobalSection
	GlobalSection(ExtensibilityGlobals) = postSolution
		SolutionGuid = {0B528FE2-BA2F-4BC3-8A48-70F044A6962B}
	EndGlobalSection
EndGlobal
