
Microsoft Visual Studio Solution File, Format Version 12.00
# Visual Studio Version 17
VisualStudioVersion = 17.11.35312.102
MinimumVisualStudioVersion = 10.0.40219.1
Project("{FAE04EC0-301F-11D3-BF4B-00C04F79EFBC}") = "ex_5.2", "ex_5.2\ex_5.2.csproj", "{0FB9005A-D393-47B5-BF63-C35F4B44AAF2}"
EndProject
Global
	GlobalSection(SolutionConfigurationPlatforms) = preSolution
		Debug|Any CPU = Debug|Any CPU
		Release|Any CPU = Release|Any CPU
	EndGlobalSection
	GlobalSection(ProjectConfigurationPlatforms) = postSolution
		{0FB9005A-D393-47B5-BF63-C35F4B44AAF2}.Debug|Any CPU.ActiveCfg = Debug|Any CPU
		{0FB9005A-D393-47B5-BF63-C35F4B44AAF2}.Debug|Any CPU.Build.0 = Debug|Any CPU
		{0FB9005A-D393-47B5-BF63-C35F4B44AAF2}.Release|Any CPU.ActiveCfg = Release|Any CPU
		{0FB9005A-D393-47B5-BF63-C35F4B44AAF2}.Release|Any CPU.Build.0 = Release|Any CPU
	EndGlobalSection
	GlobalSection(SolutionProperties) = preSolution
		HideSolutionNode = FALSE
	EndGlobalSection
	GlobalSection(ExtensibilityGlobals) = postSolution
		SolutionGuid = {680BBEAE-CF5F-437D-84D3-49DD020A2E7C}
	EndGlobalSection
EndGlobal
